lockfileVersion: "9.0"

settings:
  autoInstallPeers: true
  excludeLinksFromLockfile: false

importers:
  .:
    dependencies:
      adm-zip:
        specifier: ^0.5.17
        version: 0.5.17
      domhandler:
        specifier: ^5.0.3
        version: 5.0.3
      domutils:
        specifier: ^3.2.2
        version: 3.2.2
      htmlparser2:
        specifier: ^10.1.0
        version: 10.1.0
      vscode-cpptools:
        specifier: ^7.1.1
        version: 7.1.1
      vscode-languageclient:
        specifier: ^9.0.1
        version: 9.0.1
      which:
        specifier: ^6.0.1
        version: 6.0.1
    devDependencies:
      "@types/adm-zip":
        specifier: ^0.5.8
        version: 0.5.8
      "@types/node":
        specifier: ^22.19.19
        version: 22.19.19
      "@types/vscode":
        specifier: ^1.118.0
        version: 1.118.0
      "@types/which":
        specifier: ^3.0.4
        version: 3.0.4
      husky:
        specifier: ^9.1.7
        version: 9.1.7
      lint-staged:
        specifier: ^16.4.0
        version: 16.4.0
      prettier:
        specifier: ^3.8.3
        version: 3.8.3
      typescript:
        specifier: ^5.9.3
        version: 5.9.3
      vscode-textmate:
        specifier: ^9.3.2
        version: 9.3.2

packages:
  "@types/adm-zip@0.5.8":
    resolution:
      {
        integrity: sha512-RVVH7QvZYbN+ihqZ4kX/dMiowf6o+Jk1fNwiSdx0NahBJLU787zkULhGhJM8mf/obmLGmgdMM0bXsQTmyfbR7Q==,
      }

  "@types/node@22.19.19":
    resolution:
      {
        integrity: sha512-dyh/xO2Fh5bYrfWaaqGrRQQGkNdmYw6AmaAUvYeUMNTWQtvb796ikLdmTchRmOlOiIJ1TDXfWgVx1QkUlQ6Hew==,
      }

  "@types/vscode@1.118.0":
    resolution:
      {
        integrity: sha512-Ah6eTlqDcwIMELEVwQMO++rJAFBRz/oLluLD/vWdYrH1KuI9kfpaM+7pg0OvvascgcJy+ghLCERAYouM4QbzGw==,
      }

  "@types/which@3.0.4":
    resolution:
      {
        integrity: sha512-liyfuo/106JdlgSchJzXEQCVArk0CvevqPote8F8HgWgJ3dRCcTHgJIsLDuee0kxk/mhbInzIZk3QWSZJ8R+2w==,
      }

  adm-zip@0.5.17:
    resolution:
      {
        integrity: sha512-+Ut8d9LLqwEvHHJl1+PIHqoyDxFgVN847JTVM3Izi3xHDWPE4UtzzXysMZQs64DMcrJfBeS/uoEP4AD3HQHnQQ==,
      }
    engines: { node: ">=12.0" }

  ansi-escapes@7.3.0:
    resolution:
      {
        integrity: sha512-BvU8nYgGQBxcmMuEeUEmNTvrMVjJNSH7RgW24vXexN4Ven6qCvy4TntnvlnwnMLTVlcRQQdbRY8NKnaIoeWDNg==,
      }
    engines: { node: ">=18" }

  ansi-regex@6.2.2:
    resolution:
      {
        integrity: sha512-Bq3SmSpyFHaWjPk8If9yc6svM8c56dB5BAtW4Qbw5jHTwwXXcTLoRMkpDJp6VL0XzlWaCHTXrkFURMYmD0sLqg==,
      }
    engines: { node: ">=12" }

  ansi-styles@6.2.3:
    resolution:
      {
        integrity: sha512-4Dj6M28JB+oAH8kFkTLUo+a2jwOFkuqb3yucU0CANcRRUbxS0cP0nZYCGjcc3BNXwRIsUVmDGgzawme7zvJHvg==,
      }
    engines: { node: ">=12" }

  balanced-match@1.0.2:
    resolution:
      {
        integrity: sha512-3oSeUO0TMV67hN1AmbXsK4yaqU7tjiHlbxRDZOpH0KW9+CeX4bRAaX0Anxt0tx2MrpRpWwQaPwIlISEJhYU5Pw==,
      }

  brace-expansion@2.1.0:
    resolution:
      {
        integrity: sha512-TN1kCZAgdgweJhWWpgKYrQaMNHcDULHkWwQIspdtjV4Y5aurRdZpjAqn6yX3FPqTA9ngHCc4hJxMAMgGfve85w==,
      }

  cli-cursor@5.0.0:
    resolution:
      {
        integrity: sha512-aCj4O5wKyszjMmDT4tZj93kxyydN/K5zPWSCe6/0AV/AA1pqe5ZBIw0a2ZfPQV7lL5/yb5HsUreJ6UFAF1tEQw==,
      }
    engines: { node: ">=18" }

  cli-truncate@5.2.0:
    resolution:
      {
        integrity: sha512-xRwvIOMGrfOAnM1JYtqQImuaNtDEv9v6oIYAs4LIHwTiKee8uwvIi363igssOC0O5U04i4AlENs79LQLu9tEMw==,
      }
    engines: { node: ">=20" }

  colorette@2.0.20:
    resolution:
      {
        integrity: sha512-IfEDxwoWIjkeXL1eXcDiow4UbKjhLdq6/EuSVR9GMN7KVH3r9gQ83e73hsz1Nd1T3ijd5xv1wcWRYO+D6kCI2w==,
      }

  commander@14.0.3:
    resolution:
      {
        integrity: sha512-H+y0Jo/T1RZ9qPP4Eh1pkcQcLRglraJaSLoyOtHxu6AapkjWVCy2Sit1QQ4x3Dng8qDlSsZEet7g5Pq06MvTgw==,
      }
    engines: { node: ">=20" }

  dom-serializer@2.0.0:
    resolution:
      {
        integrity: sha512-wIkAryiqt/nV5EQKqQpo3SToSOV9J0DnbJqwK7Wv/Trc92zIAYZ4FlMu+JPFW1DfGFt81ZTCGgDEabffXeLyJg==,
      }

  domelementtype@2.3.0:
    resolution:
      {
        integrity: sha512-OLETBj6w0OsagBwdXnPdN0cnMfF9opN69co+7ZrbfPGrdpPVNBUj02spi6B1N7wChLQiPn4CSH/zJvXw56gmHw==,
      }

  domhandler@5.0.3:
    resolution:
      {
        integrity: sha512-cgwlv/1iFQiFnU96XXgROh8xTeetsnJiDsTc7TYCLFd9+/WNkIqPTxiM/8pSd8VIrhXGTf1Ny1q1hquVqDJB5w==,
      }
    engines: { node: ">= 4" }

  domutils@3.2.2:
    resolution:
      {
        integrity: sha512-6kZKyUajlDuqlHKVX1w7gyslj9MPIXzIFiz/rGu35uC1wMi+kMhQwGhl4lt9unC9Vb9INnY9Z3/ZA3+FhASLaw==,
      }

  emoji-regex@10.6.0:
    resolution:
      {
        integrity: sha512-toUI84YS5YmxW219erniWD0CIVOo46xGKColeNQRgOzDorgBi1v4D71/OFzgD9GO2UGKIv1C3Sp8DAn0+j5w7A==,
      }

  entities@4.5.0:
    resolution:
      {
        integrity: sha512-V0hjH4dGPh9Ao5p0MoRY6BVqtwCjhz6vI5LT8AJ55H+4g9/4vbHx1I54fS0XuclLhDHArPQCiMjDxjaL8fPxhw==,
      }
    engines: { node: ">=0.12" }

  entities@7.0.1:
    resolution:
      {
        integrity: sha512-TWrgLOFUQTH994YUyl1yT4uyavY5nNB5muff+RtWaqNVCAK408b5ZnnbNAUEWLTCpum9w6arT70i1XdQ4UeOPA==,
      }
    engines: { node: ">=0.12" }

  environment@1.1.0:
    resolution:
      {
        integrity: sha512-xUtoPkMggbz0MPyPiIWr1Kp4aeWJjDZ6SMvURhimjdZgsRuDplF5/s9hcgGhyXMhs+6vpnuoiZ2kFiu3FMnS8Q==,
      }
    engines: { node: ">=18" }

  eventemitter3@5.0.4:
    resolution:
      {
        integrity: sha512-mlsTRyGaPBjPedk6Bvw+aqbsXDtoAyAzm5MO7JgU+yVRyMQ5O8bD4Kcci7BS85f93veegeCPkL8R4GLClnjLFw==,
      }

  get-east-asian-width@1.6.0:
    resolution:
      {
        integrity: sha512-QRbvDIbx6YklUe6RxeTeleMR0yv3cYH6PsPZHcnVn7xv7zO1BHN8r0XETu8n6Ye3Q+ahtSarc3WgtNWmehIBfA==,
      }
    engines: { node: ">=18" }

  htmlparser2@10.1.0:
    resolution:
      {
        integrity: sha512-VTZkM9GWRAtEpveh7MSF6SjjrpNVNNVJfFup7xTY3UpFtm67foy9HDVXneLtFVt4pMz5kZtgNcvCniNFb1hlEQ==,
      }

  husky@9.1.7:
    resolution:
      {
        integrity: sha512-5gs5ytaNjBrh5Ow3zrvdUUY+0VxIuWVL4i9irt6friV+BqdCfmV11CQTWMiBYWHbXhco+J1kHfTOUkePhCDvMA==,
      }
    engines: { node: ">=18" }
    hasBin: true

  is-fullwidth-code-point@5.1.0:
    resolution:
      {
        integrity: sha512-5XHYaSyiqADb4RnZ1Bdad6cPp8Toise4TzEjcOYDHZkTCbKgiUl7WTUCpNWHuxmDt91wnsZBc9xinNzopv3JMQ==,
      }
    engines: { node: ">=18" }

  isexe@4.0.0:
    resolution:
      {
        integrity: sha512-FFUtZMpoZ8RqHS3XeXEmHWLA4thH+ZxCv2lOiPIn1Xc7CxrqhWzNSDzD+/chS/zbYezmiwWLdQC09JdQKmthOw==,
      }
    engines: { node: ">=20" }

  lint-staged@16.4.0:
    resolution:
      {
        integrity: sha512-lBWt8hujh/Cjysw5GYVmZpFHXDCgZzhrOm8vbcUdobADZNOK/bRshr2kM3DfgrrtR1DQhfupW9gnIXOfiFi+bw==,
      }
    engines: { node: ">=20.17" }
    hasBin: true

  listr2@9.0.5:
    resolution:
      {
        integrity: sha512-ME4Fb83LgEgwNw96RKNvKV4VTLuXfoKudAmm2lP8Kk87KaMK0/Xrx/aAkMWmT8mDb+3MlFDspfbCs7adjRxA2g==,
      }
    engines: { node: ">=20.0.0" }

  log-update@6.1.0:
    resolution:
      {
        integrity: sha512-9ie8ItPR6tjY5uYJh8K/Zrv/RMZ5VOlOWvtZdEHYSTFKZfIBPQa9tOAEeAWhd+AnIneLJ22w5fjOYtoutpWq5w==,
      }
    engines: { node: ">=18" }

  mimic-function@5.0.1:
    resolution:
      {
        integrity: sha512-VP79XUPxV2CigYP3jWwAUFSku2aKqBH7uTAapFWCBqutsbmDo96KY5o8uh6U+/YSIn5OxJnXp73beVkpqMIGhA==,
      }
    engines: { node: ">=18" }

  minimatch@5.1.9:
    resolution:
      {
        integrity: sha512-7o1wEA2RyMP7Iu7GNba9vc0RWWGACJOCZBJX2GJWip0ikV+wcOsgVuY9uE8CPiyQhkGFSlhuSkZPavN7u1c2Fw==,
      }
    engines: { node: ">=10" }

  onetime@7.0.0:
    resolution:
      {
        integrity: sha512-VXJjc87FScF88uafS3JllDgvAm+c/Slfz06lorj2uAY34rlUu0Nt+v8wreiImcrgAjjIHp1rXpTDlLOGw29WwQ==,
      }
    engines: { node: ">=18" }

  picomatch@4.0.4:
    resolution:
      {
        integrity: sha512-QP88BAKvMam/3NxH6vj2o21R6MjxZUAd6nlwAS/pnGvN9IVLocLHxGYIzFhg6fUQ+5th6P4dv4eW9jX3DSIj7A==,
      }
    engines: { node: ">=12" }

  prettier@3.8.3:
    resolution:
      {
        integrity: sha512-7igPTM53cGHMW8xWuVTydi2KO233VFiTNyF5hLJqpilHfmn8C8gPf+PS7dUT64YcXFbiMGZxS9pCSxL/Dxm/Jw==,
      }
    engines: { node: ">=14" }
    hasBin: true

  restore-cursor@5.1.0:
    resolution:
      {
        integrity: sha512-oMA2dcrw6u0YfxJQXm342bFKX/E4sG9rbTzO9ptUcR/e8A33cHuvStiYOwH7fszkZlZ1z/ta9AAoPk2F4qIOHA==,
      }
    engines: { node: ">=18" }

  rfdc@1.4.1:
    resolution:
      {
        integrity: sha512-q1b3N5QkRUWUl7iyylaaj3kOpIT0N2i9MqIEQXP73GVsN9cw3fdx8X63cEmWhJGi2PPCF23Ijp7ktmd39rawIA==,
      }

  semver@7.8.0:
    resolution:
      {
        integrity: sha512-AcM7dV/5ul4EekoQ29Agm5vri8JNqRyj39o0qpX6vDF2GZrtutZl5RwgD1XnZjiTAfncsJhMI48QQH3sN87YNA==,
      }
    engines: { node: ">=10" }
    hasBin: true

  signal-exit@4.1.0:
    resolution:
      {
        integrity: sha512-bzyZ1e88w9O1iNJbKnOlvYTrWPDl46O1bG0D3XInv+9tkPrxrN8jUUTiFlDkkmKWgn1M6CfIA13SuGqOa9Korw==,
      }
    engines: { node: ">=14" }

  slice-ansi@7.1.2:
    resolution:
      {
        integrity: sha512-iOBWFgUX7caIZiuutICxVgX1SdxwAVFFKwt1EvMYYec/NWO5meOJ6K5uQxhrYBdQJne4KxiqZc+KptFOWFSI9w==,
      }
    engines: { node: ">=18" }

  slice-ansi@8.0.0:
    resolution:
      {
        integrity: sha512-stxByr12oeeOyY2BlviTNQlYV5xOj47GirPr4yA1hE9JCtxfQN0+tVbkxwCtYDQWhEKWFHsEK48ORg5jrouCAg==,
      }
    engines: { node: ">=20" }

  string-argv@0.3.2:
    resolution:
      {
        integrity: sha512-aqD2Q0144Z+/RqG52NeHEkZauTAUWJO8c6yTftGJKO3Tja5tUgIfmIl6kExvhtxSDP7fXB6DvzkfMpCd/F3G+Q==,
      }
    engines: { node: ">=0.6.19" }

  string-width@7.2.0:
    resolution:
      {
        integrity: sha512-tsaTIkKW9b4N+AEj+SVA+WhJzV7/zMhcSu78mLKWSk7cXMOSHsBKFWUs0fWwq8QyK3MgJBQRX6Gbi4kYbdvGkQ==,
      }
    engines: { node: ">=18" }

  string-width@8.2.1:
    resolution:
      {
        integrity: sha512-IIaP0g3iy9Cyy18w3M9YcaDudujEAVHKt3a3QJg1+sr/oX96TbaGUubG0hJyCjCBThFH+tFpcIyoUHUn1ogaLA==,
      }
    engines: { node: ">=20" }

  strip-ansi@7.2.0:
    resolution:
      {
        integrity: sha512-yDPMNjp4WyfYBkHnjIRLfca1i6KMyGCtsVgoKe/z1+6vukgaENdgGBZt+ZmKPc4gavvEZ5OgHfHdrazhgNyG7w==,
      }
    engines: { node: ">=12" }

  tinyexec@1.1.2:
    resolution:
      {
        integrity: sha512-dAqSqE/RabpBKI8+h26GfLq6Vb3JVXs30XYQjdMjaj/c2tS8IYYMbIzP599KtRj7c57/wYApb3QjgRgXmrCukA==,
      }
    engines: { node: ">=18" }

  typescript@5.9.3:
    resolution:
      {
        integrity: sha512-jl1vZzPDinLr9eUt3J/t7V6FgNEw9QjvBPdysz9KfQDD41fQrC2Y4vKQdiaUpFT4bXlb1RHhLpp8wtm6M5TgSw==,
      }
    engines: { node: ">=14.17" }
    hasBin: true

  undici-types@6.21.0:
    resolution:
      {
        integrity: sha512-iwDZqg0QAGrg9Rav5H4n0M64c3mkR59cJ6wQp+7C4nI0gsmExaedaYLNO44eT4AtBBwjbTiGPMlt2Md0T9H9JQ==,
      }

  vscode-cpptools@7.1.1:
    resolution:
      {
        integrity: sha512-VotTk0LXI/YDpD7zGN7f8T8bhfvNj8zgIMpZkbi64ftglrd79xVZ1uDWrL/jFOeo/oRU+UKERvuo2sH0KzqDWg==,
      }
    engines: { vscode: ^1.22.0 }

  vscode-jsonrpc@8.2.0:
    resolution:
      {
        integrity: sha512-C+r0eKJUIfiDIfwJhria30+TYWPtuHJXHtI7J0YlOmKAo7ogxP20T0zxB7HZQIFhIyvoBPwWskjxrvAtfjyZfA==,
      }
    engines: { node: ">=14.0.0" }

  vscode-languageclient@9.0.1:
    resolution:
      {
        integrity: sha512-JZiimVdvimEuHh5olxhxkht09m3JzUGwggb5eRUkzzJhZ2KjCN0nh55VfiED9oez9DyF8/fz1g1iBV3h+0Z2EA==,
      }
    engines: { vscode: ^1.82.0 }

  vscode-languageserver-protocol@3.17.5:
    resolution:
      {
        integrity: sha512-mb1bvRJN8SVznADSGWM9u/b07H7Ecg0I3OgXDuLdn307rl/J3A9YD6/eYOssqhecL27hK1IPZAsaqh00i/Jljg==,
      }

  vscode-languageserver-types@3.17.5:
    resolution:
      {
        integrity: sha512-Ld1VelNuX9pdF39h2Hgaeb5hEZM2Z3jUrrMgWQAu82jMtZp7p3vJT3BzToKtZI7NgQssZje5o0zryOrhQvzQAg==,
      }

  vscode-textmate@9.3.2:
    resolution:
      {
        integrity: sha512-n2uGbUcrjhUEBH16uGA0TvUfhWwliFZ1e3+pTjrkim1Mt7ydB41lV08aUvsi70OlzDWp6X7Bx3w/x3fAXIsN0Q==,
      }

  which@6.0.1:
    resolution:
      {
        integrity: sha512-oGLe46MIrCRqX7ytPUf66EAYvdeMIZYn3WaocqqKZAxrBpkqHfL/qvTyJ/bTk5+AqHCjXmrv3CEWgy368zhRUg==,
      }
    engines: { node: ^20.17.0 || >=22.9.0 }
    hasBin: true

  wrap-ansi@9.0.2:
    resolution:
      {
        integrity: sha512-42AtmgqjV+X1VpdOfyTGOYRi0/zsoLqtXQckTmqTeybT+BDIbM/Guxo7x3pE2vtpr1ok6xRqM9OpBe+Jyoqyww==,
      }
    engines: { node: ">=18" }

  yaml@2.9.0:
    resolution:
      {
        integrity: sha512-2AvhNX3mb8zd6Zy7INTtSpl1F15HW6Wnqj0srWlkKLcpYl/gMIMJiyuGq2KeI2YFxUPjdlB+3Lc10seMLtL4cA==,
      }
    engines: { node: ">= 14.6" }
    hasBin: true

snapshots:
  "@types/adm-zip@0.5.8":
    dependencies:
      "@types/node": 22.19.19

  "@types/node@22.19.19":
    dependencies:
      undici-types: 6.21.0

  "@types/vscode@1.118.0": {}

  "@types/which@3.0.4": {}

  adm-zip@0.5.17: {}

  ansi-escapes@7.3.0:
    dependencies:
      environment: 1.1.0

  ansi-regex@6.2.2: {}

  ansi-styles@6.2.3: {}

  balanced-match@1.0.2: {}

  brace-expansion@2.1.0:
    dependencies:
      balanced-match: 1.0.2

  cli-cursor@5.0.0:
    dependencies:
      restore-cursor: 5.1.0

  cli-truncate@5.2.0:
    dependencies:
      slice-ansi: 8.0.0
      string-width: 8.2.1

  colorette@2.0.20: {}

  commander@14.0.3: {}

  dom-serializer@2.0.0:
    dependencies:
      domelementtype: 2.3.0
      domhandler: 5.0.3
      entities: 4.5.0

  domelementtype@2.3.0: {}

  domhandler@5.0.3:
    dependencies:
      domelementtype: 2.3.0

  domutils@3.2.2:
    dependencies:
      dom-serializer: 2.0.0
      domelementtype: 2.3.0
      domhandler: 5.0.3

  emoji-regex@10.6.0: {}

  entities@4.5.0: {}

  entities@7.0.1: {}

  environment@1.1.0: {}

  eventemitter3@5.0.4: {}

  get-east-asian-width@1.6.0: {}

  htmlparser2@10.1.0:
    dependencies:
      domelementtype: 2.3.0
      domhandler: 5.0.3
      domutils: 3.2.2
      entities: 7.0.1

  husky@9.1.7: {}

  is-fullwidth-code-point@5.1.0:
    dependencies:
      get-east-asian-width: 1.6.0

  isexe@4.0.0: {}

  lint-staged@16.4.0:
    dependencies:
      commander: 14.0.3
      listr2: 9.0.5
      picomatch: 4.0.4
      string-argv: 0.3.2
      tinyexec: 1.1.2
      yaml: 2.9.0

  listr2@9.0.5:
    dependencies:
      cli-truncate: 5.2.0
      colorette: 2.0.20
      eventemitter3: 5.0.4
      log-update: 6.1.0
      rfdc: 1.4.1
      wrap-ansi: 9.0.2

  log-update@6.1.0:
    dependencies:
      ansi-escapes: 7.3.0
      cli-cursor: 5.0.0
      slice-ansi: 7.1.2
      strip-ansi: 7.2.0
      wrap-ansi: 9.0.2

  mimic-function@5.0.1: {}

  minimatch@5.1.9:
    dependencies:
      brace-expansion: 2.1.0

  onetime@7.0.0:
    dependencies:
      mimic-function: 5.0.1

  picomatch@4.0.4: {}

  prettier@3.8.3: {}

  restore-cursor@5.1.0:
    dependencies:
      onetime: 7.0.0
      signal-exit: 4.1.0

  rfdc@1.4.1: {}

  semver@7.8.0: {}

  signal-exit@4.1.0: {}

  slice-ansi@7.1.2:
    dependencies:
      ansi-styles: 6.2.3
      is-fullwidth-code-point: 5.1.0

  slice-ansi@8.0.0:
    dependencies:
      ansi-styles: 6.2.3
      is-fullwidth-code-point: 5.1.0

  string-argv@0.3.2: {}

  string-width@7.2.0:
    dependencies:
      emoji-regex: 10.6.0
      get-east-asian-width: 1.6.0
      strip-ansi: 7.2.0

  string-width@8.2.1:
    dependencies:
      get-east-asian-width: 1.6.0
      strip-ansi: 7.2.0

  strip-ansi@7.2.0:
    dependencies:
      ansi-regex: 6.2.2

  tinyexec@1.1.2: {}

  typescript@5.9.3: {}

  undici-types@6.21.0: {}

  vscode-cpptools@7.1.1: {}

  vscode-jsonrpc@8.2.0: {}

  vscode-languageclient@9.0.1:
    dependencies:
      minimatch: 5.1.9
      semver: 7.8.0
      vscode-languageserver-protocol: 3.17.5

  vscode-languageserver-protocol@3.17.5:
    dependencies:
      vscode-jsonrpc: 8.2.0
      vscode-languageserver-types: 3.17.5

  vscode-languageserver-types@3.17.5: {}

  vscode-textmate@9.3.2: {}

  which@6.0.1:
    dependencies:
      isexe: 4.0.0

  wrap-ansi@9.0.2:
    dependencies:
      ansi-styles: 6.2.3
      string-width: 7.2.0
      strip-ansi: 7.2.0

  yaml@2.9.0: {}
