# THIS IS AN AUTOGENERATED FILE. DO NOT EDIT THIS FILE DIRECTLY.
# yarn lockfile v1


"@types/node@^16.11.7":
  version "16.11.7"
  resolved "https://registry.yarnpkg.com/@types/node/-/node-16.11.7.tgz#36820945061326978c42a01e56b61cd223dfdc42"
  integrity sha512-QB5D2sqfSjCmTuWcBWyJ+/44bcjO7VbjSbOE0ucoVbAsSNQc4Lt6QkgkVXkTDwkL4z/beecZNDvVX15D4P8Jbw==

"@types/vscode@^1.1.59":
  version "1.64.0"
  resolved "https://registry.yarnpkg.com/@types/vscode/-/vscode-1.64.0.tgz#bfd82c8d92dc7824c1be084be1ab46ce20d7fb55"
  integrity sha512-bSlAWz5WtcSL3cO9tAT/KpEH9rv5OBnm93OIIFwdCshaAiqr2bp1AUyEwW9MWeCvZBHEXc3V0fTYVdVyzDNwHA==

typescript@^4.4.4:
  version "4.4.4"
  resolved "https://registry.yarnpkg.com/typescript/-/typescript-4.4.4.tgz#2cd01a1a1f160704d3101fd5a58ff0f9fcb8030c"
  integrity sha512-DqGhF5IKoBl8WNf8C1gu8q0xZSInh9j1kJJMqT3a94w1JzVaBU4EXOSMrz9yDqMT0xt3selp83fuFMQ0uzv6qA==
